
Microsoft Visual Studio Solution File, Format Version 12.00
# Visual Studio 2013
VisualStudioVersion = 12.0.21005.1
MinimumVisualStudioVersion = 10.0.40219.1
Project("{F184B08F-C81C-45F6-A57F-5ABD9991F28F}") = "DAL", "DAL\DAL.vbproj", "{C5FECBAD-3D6B-443A-B8D0-B346C5C45445}"
EndProject
Project("{F184B08F-C81C-45F6-A57F-5ABD9991F28F}") = "BLL", "BLL\BLL.vbproj", "{A6AA9C80-8B54-4166-95F9-B2B1D5AE33BC}"
EndProject
Project("{F184B08F-C81C-45F6-A57F-5ABD9991F28F}") = "BE", "BE\BE.vbproj", "{CD340564-7A5D-45D6-B8B6-E6357C731493}"
EndProject
Project("{F184B08F-C81C-45F6-A57F-5ABD9991F28F}") = "GUI", "WindowsApplication1\GUI.vbproj", "{AF911BB4-2959-44AE-B497-4D41F0B32B3B}"
EndProject
Global
	GlobalSection(SolutionConfigurationPlatforms) = preSolution
		CD_ROM|Any CPU = CD_ROM|Any CPU
		Debug|Any CPU = Debug|Any CPU
		DVD-5|Any CPU = DVD-5|Any CPU
		Release|Any CPU = Release|Any CPU
		SingleImage|Any CPU = SingleImage|Any CPU
	EndGlobalSection
	GlobalSection(ProjectConfigurationPlatforms) = postSolution
		{C5FECBAD-3D6B-443A-B8D0-B346C5C45445}.CD_ROM|Any CPU.ActiveCfg = Release|Any CPU
		{C5FECBAD-3D6B-443A-B8D0-B346C5C45445}.CD_ROM|Any CPU.Build.0 = Release|Any CPU
		{C5FECBAD-3D6B-443A-B8D0-B346C5C45445}.Debug|Any CPU.ActiveCfg = Debug|Any CPU
		{C5FECBAD-3D6B-443A-B8D0-B346C5C45445}.Debug|Any CPU.Build.0 = Debug|Any CPU
		{C5FECBAD-3D6B-443A-B8D0-B346C5C45445}.DVD-5|Any CPU.ActiveCfg = Debug|Any CPU
		{C5FECBAD-3D6B-443A-B8D0-B346C5C45445}.DVD-5|Any CPU.Build.0 = Debug|Any CPU
		{C5FECBAD-3D6B-443A-B8D0-B346C5C45445}.Release|Any CPU.ActiveCfg = Release|Any CPU
		{C5FECBAD-3D6B-443A-B8D0-B346C5C45445}.Release|Any CPU.Build.0 = Release|Any CPU
		{C5FECBAD-3D6B-443A-B8D0-B346C5C45445}.SingleImage|Any CPU.ActiveCfg = Release|Any CPU
		{C5FECBAD-3D6B-443A-B8D0-B346C5C45445}.SingleImage|Any CPU.Build.0 = Release|Any CPU
		{A6AA9C80-8B54-4166-95F9-B2B1D5AE33BC}.CD_ROM|Any CPU.ActiveCfg = Release|Any CPU
		{A6AA9C80-8B54-4166-95F9-B2B1D5AE33BC}.CD_ROM|Any CPU.Build.0 = Release|Any CPU
		{A6AA9C80-8B54-4166-95F9-B2B1D5AE33BC}.Debug|Any CPU.ActiveCfg = Debug|Any CPU
		{A6AA9C80-8B54-4166-95F9-B2B1D5AE33BC}.Debug|Any CPU.Build.0 = Debug|Any CPU
		{A6AA9C80-8B54-4166-95F9-B2B1D5AE33BC}.DVD-5|Any CPU.ActiveCfg = Debug|Any CPU
		{A6AA9C80-8B54-4166-95F9-B2B1D5AE33BC}.DVD-5|Any CPU.Build.0 = Debug|Any CPU
		{A6AA9C80-8B54-4166-95F9-B2B1D5AE33BC}.Release|Any CPU.ActiveCfg = Release|Any CPU
		{A6AA9C80-8B54-4166-95F9-B2B1D5AE33BC}.Release|Any CPU.Build.0 = Release|Any CPU
		{A6AA9C80-8B54-4166-95F9-B2B1D5AE33BC}.SingleImage|Any CPU.ActiveCfg = Release|Any CPU
		{A6AA9C80-8B54-4166-95F9-B2B1D5AE33BC}.SingleImage|Any CPU.Build.0 = Release|Any CPU
		{CD340564-7A5D-45D6-B8B6-E6357C731493}.CD_ROM|Any CPU.ActiveCfg = Release|Any CPU
		{CD340564-7A5D-45D6-B8B6-E6357C731493}.CD_ROM|Any CPU.Build.0 = Release|Any CPU
		{CD340564-7A5D-45D6-B8B6-E6357C731493}.Debug|Any CPU.ActiveCfg = Debug|Any CPU
		{CD340564-7A5D-45D6-B8B6-E6357C731493}.Debug|Any CPU.Build.0 = Debug|Any CPU
		{CD340564-7A5D-45D6-B8B6-E6357C731493}.DVD-5|Any CPU.ActiveCfg = Debug|Any CPU
		{CD340564-7A5D-45D6-B8B6-E6357C731493}.DVD-5|Any CPU.Build.0 = Debug|Any CPU
		{CD340564-7A5D-45D6-B8B6-E6357C731493}.Release|Any CPU.ActiveCfg = Release|Any CPU
		{CD340564-7A5D-45D6-B8B6-E6357C731493}.Release|Any CPU.Build.0 = Release|Any CPU
		{CD340564-7A5D-45D6-B8B6-E6357C731493}.SingleImage|Any CPU.ActiveCfg = Release|Any CPU
		{CD340564-7A5D-45D6-B8B6-E6357C731493}.SingleImage|Any CPU.Build.0 = Release|Any CPU
		{AF911BB4-2959-44AE-B497-4D41F0B32B3B}.CD_ROM|Any CPU.ActiveCfg = Release|Any CPU
		{AF911BB4-2959-44AE-B497-4D41F0B32B3B}.CD_ROM|Any CPU.Build.0 = Release|Any CPU
		{AF911BB4-2959-44AE-B497-4D41F0B32B3B}.Debug|Any CPU.ActiveCfg = Debug|Any CPU
		{AF911BB4-2959-44AE-B497-4D41F0B32B3B}.Debug|Any CPU.Build.0 = Debug|Any CPU
		{AF911BB4-2959-44AE-B497-4D41F0B32B3B}.DVD-5|Any CPU.ActiveCfg = Debug|Any CPU
		{AF911BB4-2959-44AE-B497-4D41F0B32B3B}.DVD-5|Any CPU.Build.0 = Debug|Any CPU
		{AF911BB4-2959-44AE-B497-4D41F0B32B3B}.Release|Any CPU.ActiveCfg = Release|Any CPU
		{AF911BB4-2959-44AE-B497-4D41F0B32B3B}.Release|Any CPU.Build.0 = Release|Any CPU
		{AF911BB4-2959-44AE-B497-4D41F0B32B3B}.SingleImage|Any CPU.ActiveCfg = Release|Any CPU
		{AF911BB4-2959-44AE-B497-4D41F0B32B3B}.SingleImage|Any CPU.Build.0 = Release|Any CPU
	EndGlobalSection
	GlobalSection(SolutionProperties) = preSolution
		HideSolutionNode = FALSE
	EndGlobalSection
EndGlobal
